PODS:
  - IPaLog (2.2)
  - IPaSecurity (2.3):
    - IPaLog (>= 2.1)

DEPENDENCIES:
  - IPaSecurity (from `../`)

SPEC REPOS:
  https://github.com/ipapamagic/IPaPods.git:
    - IPaLog

EXTERNAL SOURCES:
  IPaSecurity:
    :path: "../"

SPEC CHECKSUMS:
  IPaLog: 79b3ca1ac6c0ae7e96ea4a73cbb49808451b804b
  IPaSecurity: ac1986e7f9323f3f81355179f720d18ae89aafd5

PODFILE CHECKSUM: dc617e9a482308af1f573ab29b7e02132d888df9

COCOAPODS: 1.5.3
