PODS:
  - IPaLog (3.0)
  - IPaSecurity (4.0):
    - IPaLog (~> 3.0)

DEPENDENCIES:
  - IPaSecurity (from `../`)

SPEC REPOS:
  https://github.com/ipapamagic/IPaPods.git:
    - IPaLog

EXTERNAL SOURCES:
  IPaSecurity:
    :path: "../"

SPEC CHECKSUMS:
  IPaLog: cf733c32ff559566db380a838a240775bf0867b6
  IPaSecurity: 98b7516ec4ac1540c2616e828974b856f2a2bcd0

PODFILE CHECKSUM: d2cb990ad7dbf30086b52311acad41b3f41327c9

COCOAPODS: 1.11.2
